
Microsoft Visual Studio Solution File, Format Version 12.00
# Visual Studio 15
VisualStudioVersion = 15.0.27703.1
MinimumVisualStudioVersion = 10.0.40219.1
Project("{FAE04EC0-301F-11D3-BF4B-00C04F79EFBC}") = "WEB-to-MSE2.1", "WEB-to-MSE2.1\WEB-to-MSE2.1.csproj", "{95749988-7E11-42DC-8979-D3B66816A0EF}"
EndProject
Global
	GlobalSection(SolutionConfigurationPlatforms) = preSolution
		Debug|Any CPU = Debug|Any CPU
		Release|Any CPU = Release|Any CPU
	EndGlobalSection
	GlobalSection(ProjectConfigurationPlatforms) = postSolution
		{95749988-7E11-42DC-8979-D3B66816A0EF}.Debug|Any CPU.ActiveCfg = Debug|Any CPU
		{95749988-7E11-42DC-8979-D3B66816A0EF}.Debug|Any CPU.Build.0 = Debug|Any CPU
		{95749988-7E11-42DC-8979-D3B66816A0EF}.Release|Any CPU.ActiveCfg = Release|Any CPU
		{95749988-7E11-42DC-8979-D3B66816A0EF}.Release|Any CPU.Build.0 = Release|Any CPU
	EndGlobalSection
	GlobalSection(SolutionProperties) = preSolution
		HideSolutionNode = FALSE
	EndGlobalSection
	GlobalSection(ExtensibilityGlobals) = postSolution
		SolutionGuid = {2667FD86-0145-4C49-8A39-7D0C86E12AEC}
	EndGlobalSection
EndGlobal
